
Microsoft Visual Studio Solution File, Format Version 12.00
# Visual Studio 15
VisualStudioVersion = 15.0.27703.2035
MinimumVisualStudioVersion = 10.0.40219.1
Project("{FAE04EC0-301F-11D3-BF4B-00C04F79EFBC}") = "OgrenciServisTakip", "OgrenciServisTakip\OgrenciServisTakip.csproj", "{9F6A4299-C549-4418-99C3-0BD18FD0BC32}"
EndProject
Project("{FAE04EC0-301F-11D3-BF4B-00C04F79EFBC}") = "OgrenciServisTakip.API", "OgrenciServisTakip.API\OgrenciServisTakip.API.csproj", "{38627093-0E10-4ADB-835E-92B1E5660619}"
EndProject
Project("{FAE04EC0-301F-11D3-BF4B-00C04F79EFBC}") = "OgrenciServisTakip.DAL", "OgrenciServisTakip.DAL\OgrenciServisTakip.DAL.csproj", "{CCBBB263-6148-4012-9A47-AA97C2793367}"
EndProject
Project("{FAE04EC0-301F-11D3-BF4B-00C04F79EFBC}") = "OgrenciServisTakip.Model", "OgrenciServisTakip.Model\OgrenciServisTakip.Model.csproj", "{102F1572-779C-4D00-8C7A-A24B58CC3D48}"
EndProject
Global
	GlobalSection(SolutionConfigurationPlatforms) = preSolution
		Debug|Any CPU = Debug|Any CPU
		Release|Any CPU = Release|Any CPU
	EndGlobalSection
	GlobalSection(ProjectConfigurationPlatforms) = postSolution
		{9F6A4299-C549-4418-99C3-0BD18FD0BC32}.Debug|Any CPU.ActiveCfg = Debug|Any CPU
		{9F6A4299-C549-4418-99C3-0BD18FD0BC32}.Debug|Any CPU.Build.0 = Debug|Any CPU
		{9F6A4299-C549-4418-99C3-0BD18FD0BC32}.Release|Any CPU.ActiveCfg = Release|Any CPU
		{9F6A4299-C549-4418-99C3-0BD18FD0BC32}.Release|Any CPU.Build.0 = Release|Any CPU
		{38627093-0E10-4ADB-835E-92B1E5660619}.Debug|Any CPU.ActiveCfg = Debug|Any CPU
		{38627093-0E10-4ADB-835E-92B1E5660619}.Debug|Any CPU.Build.0 = Debug|Any CPU
		{38627093-0E10-4ADB-835E-92B1E5660619}.Release|Any CPU.ActiveCfg = Release|Any CPU
		{38627093-0E10-4ADB-835E-92B1E5660619}.Release|Any CPU.Build.0 = Release|Any CPU
		{CCBBB263-6148-4012-9A47-AA97C2793367}.Debug|Any CPU.ActiveCfg = Debug|Any CPU
		{CCBBB263-6148-4012-9A47-AA97C2793367}.Debug|Any CPU.Build.0 = Debug|Any CPU
		{CCBBB263-6148-4012-9A47-AA97C2793367}.Release|Any CPU.ActiveCfg = Release|Any CPU
		{CCBBB263-6148-4012-9A47-AA97C2793367}.Release|Any CPU.Build.0 = Release|Any CPU
		{102F1572-779C-4D00-8C7A-A24B58CC3D48}.Debug|Any CPU.ActiveCfg = Debug|Any CPU
		{102F1572-779C-4D00-8C7A-A24B58CC3D48}.Debug|Any CPU.Build.0 = Debug|Any CPU
		{102F1572-779C-4D00-8C7A-A24B58CC3D48}.Release|Any CPU.ActiveCfg = Release|Any CPU
		{102F1572-779C-4D00-8C7A-A24B58CC3D48}.Release|Any CPU.Build.0 = Release|Any CPU
	EndGlobalSection
	GlobalSection(SolutionProperties) = preSolution
		HideSolutionNode = FALSE
	EndGlobalSection
	GlobalSection(ExtensibilityGlobals) = postSolution
		SolutionGuid = {ECBA1AC0-30B4-4A8B-8B76-4263F93802BA}
	EndGlobalSection
EndGlobal
